
Microsoft Visual Studio Solution File, Format Version 12.00
# Visual Studio Version 17
VisualStudioVersion = 17.9.34902.65
MinimumVisualStudioVersion = 10.0.40219.1
Project("{9A19103F-16F7-4668-BE54-9A1E7A4F7556}") = "UEntity.MongoDb", "UEntity.MongoDb\UEntity.MongoDb.csproj", "{96E9C357-C8D2-479D-96F1-C3A87C34D854}"
EndProject
Project("{FAE04EC0-301F-11D3-BF4B-00C04F79EFBC}") = "Tests", "Tests\Tests.csproj", "{3734DC88-985E-4D71-9689-D154328772DA}"
EndProject
Global
	GlobalSection(SolutionConfigurationPlatforms) = preSolution
		Debug|Any CPU = Debug|Any CPU
		Release|Any CPU = Release|Any CPU
	EndGlobalSection
	GlobalSection(ProjectConfigurationPlatforms) = postSolution
		{96E9C357-C8D2-479D-96F1-C3A87C34D854}.Debug|Any CPU.ActiveCfg = Debug|Any CPU
		{96E9C357-C8D2-479D-96F1-C3A87C34D854}.Debug|Any CPU.Build.0 = Debug|Any CPU
		{96E9C357-C8D2-479D-96F1-C3A87C34D854}.Release|Any CPU.ActiveCfg = Release|Any CPU
		{96E9C357-C8D2-479D-96F1-C3A87C34D854}.Release|Any CPU.Build.0 = Release|Any CPU
		{3734DC88-985E-4D71-9689-D154328772DA}.Debug|Any CPU.ActiveCfg = Debug|Any CPU
		{3734DC88-985E-4D71-9689-D154328772DA}.Debug|Any CPU.Build.0 = Debug|Any CPU
		{3734DC88-985E-4D71-9689-D154328772DA}.Release|Any CPU.ActiveCfg = Release|Any CPU
		{3734DC88-985E-4D71-9689-D154328772DA}.Release|Any CPU.Build.0 = Release|Any CPU
	EndGlobalSection
	GlobalSection(SolutionProperties) = preSolution
		HideSolutionNode = FALSE
	EndGlobalSection
	GlobalSection(ExtensibilityGlobals) = postSolution
		SolutionGuid = {195D6A12-A55D-4130-BF93-A2FDCE290346}
	EndGlobalSection
EndGlobal
